
Microsoft Visual Studio Solution File, Format Version 12.00
# Visual Studio 2013
VisualStudioVersion = 12.0.21005.1
MinimumVisualStudioVersion = 10.0.40219.1
Project("{FAE04EC0-301F-11D3-BF4B-00C04F79EFBC}") = "Strike.NET", "Strike.NET\Strike.NET.csproj", "{7C65C831-8B22-4C8F-A471-83DA263DE3AD}"
EndProject
Project("{FAE04EC0-301F-11D3-BF4B-00C04F79EFBC}") = "StrikeClient", "StrikeClient\StrikeClient.csproj", "{21C5E745-CBEA-4E47-B8CA-BA39327BD660}"
EndProject
Global
	GlobalSection(SolutionConfigurationPlatforms) = preSolution
		Debug|Any CPU = Debug|Any CPU
		Release|Any CPU = Release|Any CPU
	EndGlobalSection
	GlobalSection(ProjectConfigurationPlatforms) = postSolution
		{7C65C831-8B22-4C8F-A471-83DA263DE3AD}.Debug|Any CPU.ActiveCfg = Debug|Any CPU
		{7C65C831-8B22-4C8F-A471-83DA263DE3AD}.Debug|Any CPU.Build.0 = Debug|Any CPU
		{7C65C831-8B22-4C8F-A471-83DA263DE3AD}.Release|Any CPU.ActiveCfg = Release|Any CPU
		{7C65C831-8B22-4C8F-A471-83DA263DE3AD}.Release|Any CPU.Build.0 = Release|Any CPU
		{21C5E745-CBEA-4E47-B8CA-BA39327BD660}.Debug|Any CPU.ActiveCfg = Debug|Any CPU
		{21C5E745-CBEA-4E47-B8CA-BA39327BD660}.Debug|Any CPU.Build.0 = Debug|Any CPU
		{21C5E745-CBEA-4E47-B8CA-BA39327BD660}.Release|Any CPU.ActiveCfg = Release|Any CPU
		{21C5E745-CBEA-4E47-B8CA-BA39327BD660}.Release|Any CPU.Build.0 = Release|Any CPU
	EndGlobalSection
	GlobalSection(SolutionProperties) = preSolution
		HideSolutionNode = FALSE
	EndGlobalSection
EndGlobal
